
Microsoft Visual Studio Solution File, Format Version 12.00
# Visual Studio 14
VisualStudioVersion = 14.0.24720.0
MinimumVisualStudioVersion = 10.0.40219.1
Project("{FAE04EC0-301F-11D3-BF4B-00C04F79EFBC}") = "WcfCleverDevices", "WcfCleverDevices\WcfCleverDevices.csproj", "{7B986B76-EF9C-4E35-A7EA-4E3BC5D3AF78}"
EndProject
Project("{00D1A9C2-B5F0-4AF3-8072-F6C62B433612}") = "Database1", "Database1\Database1.sqlproj", "{516DD343-C006-4FF4-9691-03B5F7E83E1F}"
EndProject
Global
	GlobalSection(SolutionConfigurationPlatforms) = preSolution
		Debug|Any CPU = Debug|Any CPU
		Release|Any CPU = Release|Any CPU
	EndGlobalSection
	GlobalSection(ProjectConfigurationPlatforms) = postSolution
		{7B986B76-EF9C-4E35-A7EA-4E3BC5D3AF78}.Debug|Any CPU.ActiveCfg = Debug|Any CPU
		{7B986B76-EF9C-4E35-A7EA-4E3BC5D3AF78}.Debug|Any CPU.Build.0 = Debug|Any CPU
		{7B986B76-EF9C-4E35-A7EA-4E3BC5D3AF78}.Release|Any CPU.ActiveCfg = Release|Any CPU
		{7B986B76-EF9C-4E35-A7EA-4E3BC5D3AF78}.Release|Any CPU.Build.0 = Release|Any CPU
		{516DD343-C006-4FF4-9691-03B5F7E83E1F}.Debug|Any CPU.ActiveCfg = Debug|Any CPU
		{516DD343-C006-4FF4-9691-03B5F7E83E1F}.Debug|Any CPU.Build.0 = Debug|Any CPU
		{516DD343-C006-4FF4-9691-03B5F7E83E1F}.Debug|Any CPU.Deploy.0 = Debug|Any CPU
		{516DD343-C006-4FF4-9691-03B5F7E83E1F}.Release|Any CPU.ActiveCfg = Release|Any CPU
		{516DD343-C006-4FF4-9691-03B5F7E83E1F}.Release|Any CPU.Build.0 = Release|Any CPU
		{516DD343-C006-4FF4-9691-03B5F7E83E1F}.Release|Any CPU.Deploy.0 = Release|Any CPU
	EndGlobalSection
	GlobalSection(SolutionProperties) = preSolution
		HideSolutionNode = FALSE
	EndGlobalSection
	GlobalSection(ExtensibilityGlobals) = postSolution
		EnterpriseLibraryConfigurationToolBinariesPath = packages\Unity.2.1.505.0\lib\NET35
	EndGlobalSection
EndGlobal
